
Microsoft Visual Studio Solution File, Format Version 12.00
# Visual Studio 14
VisualStudioVersion = 14.0.25420.1
MinimumVisualStudioVersion = 10.0.40219.1
Project("{FAE04EC0-301F-11D3-BF4B-00C04F79EFBC}") = "01.OddLines", "01.OddLines\01.OddLines.csproj", "{9993409C-9B09-4029-8E6A-22154ED6C013}"
EndProject
Project("{FAE04EC0-301F-11D3-BF4B-00C04F79EFBC}") = "02.LineNumbers", "02.LineNumbers\02.LineNumbers.csproj", "{5AC5F38E-DFE1-4DE7-A51B-88A3B13FF0C1}"
EndProject
Project("{FAE04EC0-301F-11D3-BF4B-00C04F79EFBC}") = "03.WordCount", "03.WordCount\03.WordCount.csproj", "{FA1AB727-A874-4F68-A8CC-AFA77DA606D1}"
EndProject
Project("{FAE04EC0-301F-11D3-BF4B-00C04F79EFBC}") = "04.MergeFiles", "04.MergeFiles\04.MergeFiles.csproj", "{B6300428-F493-4FDC-B3F8-25B785EBFFD0}"
EndProject
Project("{FAE04EC0-301F-11D3-BF4B-00C04F79EFBC}") = "05.FolderSize", "05.FolderSize\05.FolderSize.csproj", "{566ACBB5-FC47-45E6-B077-4EF34C2EB66A}"
EndProject
Global
	GlobalSection(SolutionConfigurationPlatforms) = preSolution
		Debug|Any CPU = Debug|Any CPU
		Release|Any CPU = Release|Any CPU
	EndGlobalSection
	GlobalSection(ProjectConfigurationPlatforms) = postSolution
		{9993409C-9B09-4029-8E6A-22154ED6C013}.Debug|Any CPU.ActiveCfg = Debug|Any CPU
		{9993409C-9B09-4029-8E6A-22154ED6C013}.Debug|Any CPU.Build.0 = Debug|Any CPU
		{9993409C-9B09-4029-8E6A-22154ED6C013}.Release|Any CPU.ActiveCfg = Release|Any CPU
		{9993409C-9B09-4029-8E6A-22154ED6C013}.Release|Any CPU.Build.0 = Release|Any CPU
		{5AC5F38E-DFE1-4DE7-A51B-88A3B13FF0C1}.Debug|Any CPU.ActiveCfg = Debug|Any CPU
		{5AC5F38E-DFE1-4DE7-A51B-88A3B13FF0C1}.Debug|Any CPU.Build.0 = Debug|Any CPU
		{5AC5F38E-DFE1-4DE7-A51B-88A3B13FF0C1}.Release|Any CPU.ActiveCfg = Release|Any CPU
		{5AC5F38E-DFE1-4DE7-A51B-88A3B13FF0C1}.Release|Any CPU.Build.0 = Release|Any CPU
		{FA1AB727-A874-4F68-A8CC-AFA77DA606D1}.Debug|Any CPU.ActiveCfg = Debug|Any CPU
		{FA1AB727-A874-4F68-A8CC-AFA77DA606D1}.Debug|Any CPU.Build.0 = Debug|Any CPU
		{FA1AB727-A874-4F68-A8CC-AFA77DA606D1}.Release|Any CPU.ActiveCfg = Release|Any CPU
		{FA1AB727-A874-4F68-A8CC-AFA77DA606D1}.Release|Any CPU.Build.0 = Release|Any CPU
		{B6300428-F493-4FDC-B3F8-25B785EBFFD0}.Debug|Any CPU.ActiveCfg = Debug|Any CPU
		{B6300428-F493-4FDC-B3F8-25B785EBFFD0}.Debug|Any CPU.Build.0 = Debug|Any CPU
		{B6300428-F493-4FDC-B3F8-25B785EBFFD0}.Release|Any CPU.ActiveCfg = Release|Any CPU
		{B6300428-F493-4FDC-B3F8-25B785EBFFD0}.Release|Any CPU.Build.0 = Release|Any CPU
		{566ACBB5-FC47-45E6-B077-4EF34C2EB66A}.Debug|Any CPU.ActiveCfg = Debug|Any CPU
		{566ACBB5-FC47-45E6-B077-4EF34C2EB66A}.Debug|Any CPU.Build.0 = Debug|Any CPU
		{566ACBB5-FC47-45E6-B077-4EF34C2EB66A}.Release|Any CPU.ActiveCfg = Release|Any CPU
		{566ACBB5-FC47-45E6-B077-4EF34C2EB66A}.Release|Any CPU.Build.0 = Release|Any CPU
	EndGlobalSection
	GlobalSection(SolutionProperties) = preSolution
		HideSolutionNode = FALSE
	EndGlobalSection
EndGlobal
