
Microsoft Visual Studio Solution File, Format Version 12.00
# Visual Studio 14
VisualStudioVersion = 14.0.25420.1
MinimumVisualStudioVersion = 10.0.40219.1
Project("{FAE04EC0-301F-11D3-BF4B-00C04F79EFBC}") = "01.LargestCommonEnd", "01.LargestCommonEnd\01.LargestCommonEnd.csproj", "{35BF2BDA-8753-4D65-9F2D-D25552C283EF}"
EndProject
Project("{FAE04EC0-301F-11D3-BF4B-00C04F79EFBC}") = "02.RotateAndSum", "02.RotateAndSum\02.RotateAndSum.csproj", "{F066F10F-BF16-455E-A69A-FC9638B94FC1}"
EndProject
Project("{FAE04EC0-301F-11D3-BF4B-00C04F79EFBC}") = "03.FoldAndSum", "03.FoldAndSum\03.FoldAndSum.csproj", "{A790D323-7F6B-4535-9E4C-F69827AAB781}"
EndProject
Project("{FAE04EC0-301F-11D3-BF4B-00C04F79EFBC}") = "04.SieveOfEratosthenes", "04.SieveOfEratosthenes\04.SieveOfEratosthenes.csproj", "{57596617-6FB9-47CD-B9B1-FDE84ADAFF4B}"
EndProject
Project("{FAE04EC0-301F-11D3-BF4B-00C04F79EFBC}") = "05.CompareCharArrays", "05.CompareCharArrays\05.CompareCharArrays.csproj", "{DE40E9D0-437B-43F2-BFE5-296042BD6EFF}"
EndProject
Project("{FAE04EC0-301F-11D3-BF4B-00C04F79EFBC}") = "06.MaxSequenceOfEqualElements", "06.MaxSequenceOfEqualElements\06.MaxSequenceOfEqualElements.csproj", "{6090ECA6-299C-41F0-96E1-C6174BA1A74B}"
EndProject
Project("{FAE04EC0-301F-11D3-BF4B-00C04F79EFBC}") = "07.MaxSequenceOfIncreasingElements", "07.MaxSequenceOfIncreasingElements\07.MaxSequenceOfIncreasingElements.csproj", "{DB957B44-719D-4177-A8DD-0CE385CB5841}"
EndProject
Project("{FAE04EC0-301F-11D3-BF4B-00C04F79EFBC}") = "08.MostFrequentNumber", "08.MostFrequentNumber\08.MostFrequentNumber.csproj", "{16D18CC9-8B1F-4C53-A43D-EDBC19522AEA}"
EndProject
Project("{FAE04EC0-301F-11D3-BF4B-00C04F79EFBC}") = "09.IndexOfLetters", "09.IndexOfLetters\09.IndexOfLetters.csproj", "{D2C96A60-8392-42D0-87CD-93CB32659336}"
EndProject
Project("{FAE04EC0-301F-11D3-BF4B-00C04F79EFBC}") = "10.PairsByDifference", "10.PairsByDifference\10.PairsByDifference.csproj", "{71341488-A691-42A8-A49E-4A9B232B938E}"
EndProject
Project("{FAE04EC0-301F-11D3-BF4B-00C04F79EFBC}") = "11.EqualSums", "11.EqualSums\11.EqualSums.csproj", "{3E2389A5-B913-4B71-9164-442ADA32EAAE}"
EndProject
Project("{FAE04EC0-301F-11D3-BF4B-00C04F79EFBC}") = "13.LongestIncreasingSubsequence", "13.LongestIncreasingSubsequences\13.LongestIncreasingSubsequence.csproj", "{3B5AC78A-06BC-4ED3-AAEE-B8699526BDD8}"
EndProject
Project("{FAE04EC0-301F-11D3-BF4B-00C04F79EFBC}") = "14.ArrayManipulator", "14.ArrayManipulator\14.ArrayManipulator.csproj", "{2F31E2D4-124B-4D40-B7A4-7D2BF7145588}"
EndProject
Project("{FAE04EC0-301F-11D3-BF4B-00C04F79EFBC}") = "15.SumReversedNumbers", "15.SumReversedNumbers\15.SumReversedNumbers.csproj", "{130DD24F-B59B-4BAB-A9BB-9B2E9496F225}"
EndProject
Project("{FAE04EC0-301F-11D3-BF4B-00C04F79EFBC}") = "16.BombNumbers", "16.BombNumbers\16.BombNumbers.csproj", "{7D93D0C0-5349-4CF8-8915-43B58A434AA2}"
EndProject
Global
	GlobalSection(SolutionConfigurationPlatforms) = preSolution
		Debug|Any CPU = Debug|Any CPU
		Release|Any CPU = Release|Any CPU
	EndGlobalSection
	GlobalSection(ProjectConfigurationPlatforms) = postSolution
		{35BF2BDA-8753-4D65-9F2D-D25552C283EF}.Debug|Any CPU.ActiveCfg = Debug|Any CPU
		{35BF2BDA-8753-4D65-9F2D-D25552C283EF}.Debug|Any CPU.Build.0 = Debug|Any CPU
		{35BF2BDA-8753-4D65-9F2D-D25552C283EF}.Release|Any CPU.ActiveCfg = Release|Any CPU
		{35BF2BDA-8753-4D65-9F2D-D25552C283EF}.Release|Any CPU.Build.0 = Release|Any CPU
		{F066F10F-BF16-455E-A69A-FC9638B94FC1}.Debug|Any CPU.ActiveCfg = Debug|Any CPU
		{F066F10F-BF16-455E-A69A-FC9638B94FC1}.Debug|Any CPU.Build.0 = Debug|Any CPU
		{F066F10F-BF16-455E-A69A-FC9638B94FC1}.Release|Any CPU.ActiveCfg = Release|Any CPU
		{F066F10F-BF16-455E-A69A-FC9638B94FC1}.Release|Any CPU.Build.0 = Release|Any CPU
		{A790D323-7F6B-4535-9E4C-F69827AAB781}.Debug|Any CPU.ActiveCfg = Debug|Any CPU
		{A790D323-7F6B-4535-9E4C-F69827AAB781}.Debug|Any CPU.Build.0 = Debug|Any CPU
		{A790D323-7F6B-4535-9E4C-F69827AAB781}.Release|Any CPU.ActiveCfg = Release|Any CPU
		{A790D323-7F6B-4535-9E4C-F69827AAB781}.Release|Any CPU.Build.0 = Release|Any CPU
		{57596617-6FB9-47CD-B9B1-FDE84ADAFF4B}.Debug|Any CPU.ActiveCfg = Debug|Any CPU
		{57596617-6FB9-47CD-B9B1-FDE84ADAFF4B}.Debug|Any CPU.Build.0 = Debug|Any CPU
		{57596617-6FB9-47CD-B9B1-FDE84ADAFF4B}.Release|Any CPU.ActiveCfg = Release|Any CPU
		{57596617-6FB9-47CD-B9B1-FDE84ADAFF4B}.Release|Any CPU.Build.0 = Release|Any CPU
		{DE40E9D0-437B-43F2-BFE5-296042BD6EFF}.Debug|Any CPU.ActiveCfg = Debug|Any CPU
		{DE40E9D0-437B-43F2-BFE5-296042BD6EFF}.Debug|Any CPU.Build.0 = Debug|Any CPU
		{DE40E9D0-437B-43F2-BFE5-296042BD6EFF}.Release|Any CPU.ActiveCfg = Release|Any CPU
		{DE40E9D0-437B-43F2-BFE5-296042BD6EFF}.Release|Any CPU.Build.0 = Release|Any CPU
		{6090ECA6-299C-41F0-96E1-C6174BA1A74B}.Debug|Any CPU.ActiveCfg = Debug|Any CPU
		{6090ECA6-299C-41F0-96E1-C6174BA1A74B}.Debug|Any CPU.Build.0 = Debug|Any CPU
		{6090ECA6-299C-41F0-96E1-C6174BA1A74B}.Release|Any CPU.ActiveCfg = Release|Any CPU
		{6090ECA6-299C-41F0-96E1-C6174BA1A74B}.Release|Any CPU.Build.0 = Release|Any CPU
		{DB957B44-719D-4177-A8DD-0CE385CB5841}.Debug|Any CPU.ActiveCfg = Debug|Any CPU
		{DB957B44-719D-4177-A8DD-0CE385CB5841}.Debug|Any CPU.Build.0 = Debug|Any CPU
		{DB957B44-719D-4177-A8DD-0CE385CB5841}.Release|Any CPU.ActiveCfg = Release|Any CPU
		{DB957B44-719D-4177-A8DD-0CE385CB5841}.Release|Any CPU.Build.0 = Release|Any CPU
		{16D18CC9-8B1F-4C53-A43D-EDBC19522AEA}.Debug|Any CPU.ActiveCfg = Debug|Any CPU
		{16D18CC9-8B1F-4C53-A43D-EDBC19522AEA}.Debug|Any CPU.Build.0 = Debug|Any CPU
		{16D18CC9-8B1F-4C53-A43D-EDBC19522AEA}.Release|Any CPU.ActiveCfg = Release|Any CPU
		{16D18CC9-8B1F-4C53-A43D-EDBC19522AEA}.Release|Any CPU.Build.0 = Release|Any CPU
		{D2C96A60-8392-42D0-87CD-93CB32659336}.Debug|Any CPU.ActiveCfg = Debug|Any CPU
		{D2C96A60-8392-42D0-87CD-93CB32659336}.Debug|Any CPU.Build.0 = Debug|Any CPU
		{D2C96A60-8392-42D0-87CD-93CB32659336}.Release|Any CPU.ActiveCfg = Release|Any CPU
		{D2C96A60-8392-42D0-87CD-93CB32659336}.Release|Any CPU.Build.0 = Release|Any CPU
		{71341488-A691-42A8-A49E-4A9B232B938E}.Debug|Any CPU.ActiveCfg = Debug|Any CPU
		{71341488-A691-42A8-A49E-4A9B232B938E}.Debug|Any CPU.Build.0 = Debug|Any CPU
		{71341488-A691-42A8-A49E-4A9B232B938E}.Release|Any CPU.ActiveCfg = Release|Any CPU
		{71341488-A691-42A8-A49E-4A9B232B938E}.Release|Any CPU.Build.0 = Release|Any CPU
		{3E2389A5-B913-4B71-9164-442ADA32EAAE}.Debug|Any CPU.ActiveCfg = Debug|Any CPU
		{3E2389A5-B913-4B71-9164-442ADA32EAAE}.Debug|Any CPU.Build.0 = Debug|Any CPU
		{3E2389A5-B913-4B71-9164-442ADA32EAAE}.Release|Any CPU.ActiveCfg = Release|Any CPU
		{3E2389A5-B913-4B71-9164-442ADA32EAAE}.Release|Any CPU.Build.0 = Release|Any CPU
		{3B5AC78A-06BC-4ED3-AAEE-B8699526BDD8}.Debug|Any CPU.ActiveCfg = Debug|Any CPU
		{3B5AC78A-06BC-4ED3-AAEE-B8699526BDD8}.Debug|Any CPU.Build.0 = Debug|Any CPU
		{3B5AC78A-06BC-4ED3-AAEE-B8699526BDD8}.Release|Any CPU.ActiveCfg = Release|Any CPU
		{3B5AC78A-06BC-4ED3-AAEE-B8699526BDD8}.Release|Any CPU.Build.0 = Release|Any CPU
		{2F31E2D4-124B-4D40-B7A4-7D2BF7145588}.Debug|Any CPU.ActiveCfg = Debug|Any CPU
		{2F31E2D4-124B-4D40-B7A4-7D2BF7145588}.Debug|Any CPU.Build.0 = Debug|Any CPU
		{2F31E2D4-124B-4D40-B7A4-7D2BF7145588}.Release|Any CPU.ActiveCfg = Release|Any CPU
		{2F31E2D4-124B-4D40-B7A4-7D2BF7145588}.Release|Any CPU.Build.0 = Release|Any CPU
		{130DD24F-B59B-4BAB-A9BB-9B2E9496F225}.Debug|Any CPU.ActiveCfg = Debug|Any CPU
		{130DD24F-B59B-4BAB-A9BB-9B2E9496F225}.Debug|Any CPU.Build.0 = Debug|Any CPU
		{130DD24F-B59B-4BAB-A9BB-9B2E9496F225}.Release|Any CPU.ActiveCfg = Release|Any CPU
		{130DD24F-B59B-4BAB-A9BB-9B2E9496F225}.Release|Any CPU.Build.0 = Release|Any CPU
		{7D93D0C0-5349-4CF8-8915-43B58A434AA2}.Debug|Any CPU.ActiveCfg = Debug|Any CPU
		{7D93D0C0-5349-4CF8-8915-43B58A434AA2}.Debug|Any CPU.Build.0 = Debug|Any CPU
		{7D93D0C0-5349-4CF8-8915-43B58A434AA2}.Release|Any CPU.ActiveCfg = Release|Any CPU
		{7D93D0C0-5349-4CF8-8915-43B58A434AA2}.Release|Any CPU.Build.0 = Release|Any CPU
	EndGlobalSection
	GlobalSection(SolutionProperties) = preSolution
		HideSolutionNode = FALSE
	EndGlobalSection
EndGlobal
